Microsoft Visual Studio Solution File, Format Version 12.00
# Visual Studio Version 17
VisualStudioVersion = 17.2.32516.85
MinimumVisualStudioVersion = 10.0.40219.1
Project("{6EC3EE1D-3C4E-46DD-8F32-0CC8E7565705}") = "TodoList", "TodoList\TodoList.fsproj", "{63FCC800-E17C-4596-A1B6-2BF160B2FA14}"
EndProject
Project("{F2A71F9B-5D33-465A-A702-920D77279786}") = "TodoList.Android", "TodoList.Android\TodoList.Android.fsproj", "{B9FBCA9E-FB50-4C20-AC13-5A382C9F7C4E}"
EndProject
Project("{F2A71F9B-5D33-465A-A702-920D77279786}") = "TodoList.iOS", "TodoList.iOS\TodoList.iOS.fsproj", "{2745009C-0705-487F-883B-D544B1773E51}"
EndProject
Project("{2150E333-8FDC-42A3-9474-1A3956D46DE8}") = "Solution Items", "Solution Items", "{F4D8217B-7D77-4CBD-9703-A6E655B9EF28}"
	ProjectSection(SolutionItems) = preProject
		.editorconfig = .editorconfig
	EndProjectSection
EndProject
Global
	GlobalSection(SolutionConfigurationPlatforms) = preSolution
		Ad-Hoc|Any CPU = Ad-Hoc|Any CPU
		Ad-Hoc|ARM = Ad-Hoc|ARM
		Ad-Hoc|iPhone = Ad-Hoc|iPhone
		Ad-Hoc|iPhoneSimulator = Ad-Hoc|iPhoneSimulator
		Ad-Hoc|x64 = Ad-Hoc|x64
		Ad-Hoc|x86 = Ad-Hoc|x86
		AppStore|Any CPU = AppStore|Any CPU
		AppStore|ARM = AppStore|ARM
		AppStore|iPhone = AppStore|iPhone
		AppStore|iPhoneSimulator = AppStore|iPhoneSimulator
		AppStore|x64 = AppStore|x64
		AppStore|x86 = AppStore|x86
		Debug|Any CPU = Debug|Any CPU
		Debug|ARM = Debug|ARM
		Debug|iPhone = Debug|iPhone
		Debug|iPhoneSimulator = Debug|iPhoneSimulator
		Debug|x64 = Debug|x64
		Debug|x86 = Debug|x86
		Release|Any CPU = Release|Any CPU
		Release|ARM = Release|ARM
		Release|iPhone = Release|iPhone
		Release|iPhoneSimulator = Release|iPhoneSimulator
		Release|x64 = Release|x64
		Release|x86 = Release|x86
	EndGlobalSection
	GlobalSection(ProjectConfigurationPlatforms) = postSolution
		{63FCC800-E17C-4596-A1B6-2BF160B2FA14}.Ad-Hoc|Any CPU.ActiveCfg = Debug|Any CPU
		{63FCC800-E17C-4596-A1B6-2BF160B2FA14}.Ad-Hoc|Any CPU.Build.0 = Debug|Any CPU
		{63FCC800-E17C-4596-A1B6-2BF160B2FA14}.Ad-Hoc|ARM.ActiveCfg = Debug|Any CPU
		{63FCC800-E17C-4596-A1B6-2BF160B2FA14}.Ad-Hoc|ARM.Build.0 = Debug|Any CPU
		{63FCC800-E17C-4596-A1B6-2BF160B2FA14}.Ad-Hoc|iPhone.ActiveCfg = Debug|Any CPU
		{63FCC800-E17C-4596-A1B6-2BF160B2FA14}.Ad-Hoc|iPhone.Build.0 = Debug|Any CPU
		{63FCC800-E17C-4596-A1B6-2BF160B2FA14}.Ad-Hoc|iPhoneSimulator.ActiveCfg = Debug|Any CPU
		{63FCC800-E17C-4596-A1B6-2BF160B2FA14}.Ad-Hoc|iPhoneSimulator.Build.0 = Debug|Any CPU
		{63FCC800-E17C-4596-A1B6-2BF160B2FA14}.Ad-Hoc|x64.ActiveCfg = Debug|Any CPU
		{63FCC800-E17C-4596-A1B6-2BF160B2FA14}.Ad-Hoc|x64.Build.0 = Debug|Any CPU
		{63FCC800-E17C-4596-A1B6-2BF160B2FA14}.Ad-Hoc|x86.ActiveCfg = Debug|Any CPU
		{63FCC800-E17C-4596-A1B6-2BF160B2FA14}.Ad-Hoc|x86.Build.0 = Debug|Any CPU
		{63FCC800-E17C-4596-A1B6-2BF160B2FA14}.AppStore|Any CPU.ActiveCfg = Debug|Any CPU
		{63FCC800-E17C-4596-A1B6-2BF160B2FA14}.AppStore|Any CPU.Build.0 = Debug|Any CPU
		{63FCC800-E17C-4596-A1B6-2BF160B2FA14}.AppStore|ARM.ActiveCfg = Debug|Any CPU
		{63FCC800-E17C-4596-A1B6-2BF160B2FA14}.AppStore|ARM.Build.0 = Debug|Any CPU
		{63FCC800-E17C-4596-A1B6-2BF160B2FA14}.AppStore|iPhone.ActiveCfg = Debug|Any CPU
		{63FCC800-E17C-4596-A1B6-2BF160B2FA14}.AppStore|iPhone.Build.0 = Debug|Any CPU
		{63FCC800-E17C-4596-A1B6-2BF160B2FA14}.AppStore|iPhoneSimulator.ActiveCfg = Debug|Any CPU
		{63FCC800-E17C-4596-A1B6-2BF160B2FA14}.AppStore|iPhoneSimulator.Build.0 = Debug|Any CPU
		{63FCC800-E17C-4596-A1B6-2BF160B2FA14}.AppStore|x64.ActiveCfg = Debug|Any CPU
		{63FCC800-E17C-4596-A1B6-2BF160B2FA14}.AppStore|x64.Build.0 = Debug|Any CPU
		{63FCC800-E17C-4596-A1B6-2BF160B2FA14}.AppStore|x86.ActiveCfg = Debug|Any CPU
		{63FCC800-E17C-4596-A1B6-2BF160B2FA14}.AppStore|x86.Build.0 = Debug|Any CPU
		{63FCC800-E17C-4596-A1B6-2BF160B2FA14}.Debug|Any CPU.ActiveCfg = Debug|Any CPU
		{63FCC800-E17C-4596-A1B6-2BF160B2FA14}.Debug|Any CPU.Build.0 = Debug|Any CPU
		{63FCC800-E17C-4596-A1B6-2BF160B2FA14}.Debug|ARM.ActiveCfg = Debug|Any CPU
		{63FCC800-E17C-4596-A1B6-2BF160B2FA14}.Debug|ARM.Build.0 = Debug|Any CPU
		{63FCC800-E17C-4596-A1B6-2BF160B2FA14}.Debug|iPhone.ActiveCfg = Debug|Any CPU
		{63FCC800-E17C-4596-A1B6-2BF160B2FA14}.Debug|iPhone.Build.0 = Debug|Any CPU
		{63FCC800-E17C-4596-A1B6-2BF160B2FA14}.Debug|iPhoneSimulator.ActiveCfg = Debug|Any CPU
		{63FCC800-E17C-4596-A1B6-2BF160B2FA14}.Debug|iPhoneSimulator.Build.0 = Debug|Any CPU
		{63FCC800-E17C-4596-A1B6-2BF160B2FA14}.Debug|x64.ActiveCfg = Debug|Any CPU
		{63FCC800-E17C-4596-A1B6-2BF160B2FA14}.Debug|x64.Build.0 = Debug|Any CPU
		{63FCC800-E17C-4596-A1B6-2BF160B2FA14}.Debug|x86.ActiveCfg = Debug|Any CPU
		{63FCC800-E17C-4596-A1B6-2BF160B2FA14}.Debug|x86.Build.0 = Debug|Any CPU
		{63FCC800-E17C-4596-A1B6-2BF160B2FA14}.Release|Any CPU.ActiveCfg = Release|Any CPU
		{63FCC800-E17C-4596-A1B6-2BF160B2FA14}.Release|Any CPU.Build.0 = Release|Any CPU
		{63FCC800-E17C-4596-A1B6-2BF160B2FA14}.Release|ARM.ActiveCfg = Release|Any CPU
		{63FCC800-E17C-4596-A1B6-2BF160B2FA14}.Release|ARM.Build.0 = Release|Any CPU
		{63FCC800-E17C-4596-A1B6-2BF160B2FA14}.Release|iPhone.ActiveCfg = Release|Any CPU
		{63FCC800-E17C-4596-A1B6-2BF160B2FA14}.Release|iPhone.Build.0 = Release|Any CPU
		{63FCC800-E17C-4596-A1B6-2BF160B2FA14}.Release|iPhoneSimulator.ActiveCfg = Release|Any CPU
		{63FCC800-E17C-4596-A1B6-2BF160B2FA14}.Release|iPhoneSimulator.Build.0 = Release|Any CPU
		{63FCC800-E17C-4596-A1B6-2BF160B2FA14}.Release|x64.ActiveCfg = Release|Any CPU
		{63FCC800-E17C-4596-A1B6-2BF160B2FA14}.Release|x64.Build.0 = Release|Any CPU
		{63FCC800-E17C-4596-A1B6-2BF160B2FA14}.Release|x86.ActiveCfg = Release|Any CPU
		{63FCC800-E17C-4596-A1B6-2BF160B2FA14}.Release|x86.Build.0 = Release|Any CPU
		{B9FBCA9E-FB50-4C20-AC13-5A382C9F7C4E}.Ad-Hoc|Any CPU.ActiveCfg = Release|Any CPU
		{B9FBCA9E-FB50-4C20-AC13-5A382C9F7C4E}.Ad-Hoc|Any CPU.Build.0 = Release|Any CPU
		{B9FBCA9E-FB50-4C20-AC13-5A382C9F7C4E}.Ad-Hoc|ARM.ActiveCfg = Release|Any CPU
		{B9FBCA9E-FB50-4C20-AC13-5A382C9F7C4E}.Ad-Hoc|ARM.Build.0 = Release|Any CPU
		{B9FBCA9E-FB50-4C20-AC13-5A382C9F7C4E}.Ad-Hoc|iPhone.ActiveCfg = Release|Any CPU
		{B9FBCA9E-FB50-4C20-AC13-5A382C9F7C4E}.Ad-Hoc|iPhone.Build.0 = Release|Any CPU
		{B9FBCA9E-FB50-4C20-AC13-5A382C9F7C4E}.Ad-Hoc|iPhoneSimulator.ActiveCfg = Release|Any CPU
		{B9FBCA9E-FB50-4C20-AC13-5A382C9F7C4E}.Ad-Hoc|iPhoneSimulator.Build.0 = Release|Any CPU
		{B9FBCA9E-FB50-4C20-AC13-5A382C9F7C4E}.Ad-Hoc|x64.ActiveCfg = Release|Any CPU
		{B9FBCA9E-FB50-4C20-AC13-5A382C9F7C4E}.Ad-Hoc|x64.Build.0 = Release|Any CPU
		{B9FBCA9E-FB50-4C20-AC13-5A382C9F7C4E}.Ad-Hoc|x86.ActiveCfg = Release|Any CPU
		{B9FBCA9E-FB50-4C20-AC13-5A382C9F7C4E}.Ad-Hoc|x86.Build.0 = Release|Any CPU
		{B9FBCA9E-FB50-4C20-AC13-5A382C9F7C4E}.AppStore|Any CPU.ActiveCfg = Release|Any CPU
		{B9FBCA9E-FB50-4C20-AC13-5A382C9F7C4E}.AppStore|Any CPU.Build.0 = Release|Any CPU
		{B9FBCA9E-FB50-4C20-AC13-5A382C9F7C4E}.AppStore|ARM.ActiveCfg = Release|Any CPU
		{B9FBCA9E-FB50-4C20-AC13-5A382C9F7C4E}.AppStore|ARM.Build.0 = Release|Any CPU
		{B9FBCA9E-FB50-4C20-AC13-5A382C9F7C4E}.AppStore|iPhone.ActiveCfg = Release|Any CPU
		{B9FBCA9E-FB50-4C20-AC13-5A382C9F7C4E}.AppStore|iPhone.Build.0 = Release|Any CPU
		{B9FBCA9E-FB50-4C20-AC13-5A382C9F7C4E}.AppStore|iPhoneSimulator.ActiveCfg = Release|Any CPU
		{B9FBCA9E-FB50-4C20-AC13-5A382C9F7C4E}.AppStore|iPhoneSimulator.Build.0 = Release|Any CPU
		{B9FBCA9E-FB50-4C20-AC13-5A382C9F7C4E}.AppStore|x64.ActiveCfg = Release|Any CPU
		{B9FBCA9E-FB50-4C20-AC13-5A382C9F7C4E}.AppStore|x64.Build.0 = Release|Any CPU
		{B9FBCA9E-FB50-4C20-AC13-5A382C9F7C4E}.AppStore|x86.ActiveCfg = Release|Any CPU
		{B9FBCA9E-FB50-4C20-AC13-5A382C9F7C4E}.AppStore|x86.Build.0 = Release|Any CPU
		{B9FBCA9E-FB50-4C20-AC13-5A382C9F7C4E}.Debug|Any CPU.ActiveCfg = Debug|Any CPU
		{B9FBCA9E-FB50-4C20-AC13-5A382C9F7C4E}.Debug|Any CPU.Build.0 = Debug|Any CPU
		{B9FBCA9E-FB50-4C20-AC13-5A382C9F7C4E}.Debug|Any CPU.Deploy.0 = Debug|Any CPU
		{B9FBCA9E-FB50-4C20-AC13-5A382C9F7C4E}.Debug|ARM.ActiveCfg = Debug|Any CPU
		{B9FBCA9E-FB50-4C20-AC13-5A382C9F7C4E}.Debug|ARM.Build.0 = Debug|Any CPU
		{B9FBCA9E-FB50-4C20-AC13-5A382C9F7C4E}.Debug|iPhone.ActiveCfg = Debug|Any CPU
		{B9FBCA9E-FB50-4C20-AC13-5A382C9F7C4E}.Debug|iPhone.Build.0 = Debug|Any CPU
		{B9FBCA9E-FB50-4C20-AC13-5A382C9F7C4E}.Debug|iPhoneSimulator.ActiveCfg = Debug|Any CPU
		{B9FBCA9E-FB50-4C20-AC13-5A382C9F7C4E}.Debug|iPhoneSimulator.Build.0 = Debug|Any CPU
		{B9FBCA9E-FB50-4C20-AC13-5A382C9F7C4E}.Debug|x64.ActiveCfg = Debug|Any CPU
		{B9FBCA9E-FB50-4C20-AC13-5A382C9F7C4E}.Debug|x64.Build.0 = Debug|Any CPU
		{B9FBCA9E-FB50-4C20-AC13-5A382C9F7C4E}.Debug|x86.ActiveCfg = Debug|Any CPU
		{B9FBCA9E-FB50-4C20-AC13-5A382C9F7C4E}.Debug|x86.Build.0 = Debug|Any CPU
		{B9FBCA9E-FB50-4C20-AC13-5A382C9F7C4E}.Release|Any CPU.ActiveCfg = Release|Any CPU
		{B9FBCA9E-FB50-4C20-AC13-5A382C9F7C4E}.Release|Any CPU.Build.0 = Release|Any CPU
		{B9FBCA9E-FB50-4C20-AC13-5A382C9F7C4E}.Release|Any CPU.Deploy.0 = Release|Any CPU
		{B9FBCA9E-FB50-4C20-AC13-5A382C9F7C4E}.Release|ARM.ActiveCfg = Release|Any CPU
		{B9FBCA9E-FB50-4C20-AC13-5A382C9F7C4E}.Release|ARM.Build.0 = Release|Any CPU
		{B9FBCA9E-FB50-4C20-AC13-5A382C9F7C4E}.Release|iPhone.ActiveCfg = Release|Any CPU
		{B9FBCA9E-FB50-4C20-AC13-5A382C9F7C4E}.Release|iPhone.Build.0 = Release|Any CPU
		{B9FBCA9E-FB50-4C20-AC13-5A382C9F7C4E}.Release|iPhoneSimulator.ActiveCfg = Release|Any CPU
		{B9FBCA9E-FB50-4C20-AC13-5A382C9F7C4E}.Release|iPhoneSimulator.Build.0 = Release|Any CPU
		{B9FBCA9E-FB50-4C20-AC13-5A382C9F7C4E}.Release|x64.ActiveCfg = Release|Any CPU
		{B9FBCA9E-FB50-4C20-AC13-5A382C9F7C4E}.Release|x64.Build.0 = Release|Any CPU
		{B9FBCA9E-FB50-4C20-AC13-5A382C9F7C4E}.Release|x86.ActiveCfg = Release|Any CPU
		{B9FBCA9E-FB50-4C20-AC13-5A382C9F7C4E}.Release|x86.Build.0 = Release|Any CPU
		{2745009C-0705-487F-883B-D544B1773E51}.Ad-Hoc|Any CPU.ActiveCfg = Ad-Hoc|iPhone
		{2745009C-0705-487F-883B-D544B1773E51}.Ad-Hoc|ARM.ActiveCfg = Ad-Hoc|iPhone
		{2745009C-0705-487F-883B-D544B1773E51}.Ad-Hoc|iPhone.ActiveCfg = Ad-Hoc|iPhone
		{2745009C-0705-487F-883B-D544B1773E51}.Ad-Hoc|iPhone.Build.0 = Ad-Hoc|iPhone
		{2745009C-0705-487F-883B-D544B1773E51}.Ad-Hoc|iPhoneSimulator.ActiveCfg = Ad-Hoc|iPhoneSimulator
		{2745009C-0705-487F-883B-D544B1773E51}.Ad-Hoc|iPhoneSimulator.Build.0 = Ad-Hoc|iPhoneSimulator
		{2745009C-0705-487F-883B-D544B1773E51}.Ad-Hoc|x64.ActiveCfg = Ad-Hoc|iPhone
		{2745009C-0705-487F-883B-D544B1773E51}.Ad-Hoc|x86.ActiveCfg = Ad-Hoc|iPhone
		{2745009C-0705-487F-883B-D544B1773E51}.AppStore|Any CPU.ActiveCfg = AppStore|iPhone
		{2745009C-0705-487F-883B-D544B1773E51}.AppStore|ARM.ActiveCfg = AppStore|iPhone
		{2745009C-0705-487F-883B-D544B1773E51}.AppStore|iPhone.ActiveCfg = AppStore|iPhone
		{2745009C-0705-487F-883B-D544B1773E51}.AppStore|iPhone.Build.0 = AppStore|iPhone
		{2745009C-0705-487F-883B-D544B1773E51}.AppStore|iPhoneSimulator.ActiveCfg = AppStore|iPhoneSimulator
		{2745009C-0705-487F-883B-D544B1773E51}.AppStore|iPhoneSimulator.Build.0 = AppStore|iPhoneSimulator
		{2745009C-0705-487F-883B-D544B1773E51}.AppStore|x64.ActiveCfg = AppStore|iPhone
		{2745009C-0705-487F-883B-D544B1773E51}.AppStore|x86.ActiveCfg = AppStore|iPhone
		{2745009C-0705-487F-883B-D544B1773E51}.Debug|Any CPU.ActiveCfg = Debug|iPhone
		{2745009C-0705-487F-883B-D544B1773E51}.Debug|ARM.ActiveCfg = Debug|iPhone
		{2745009C-0705-487F-883B-D544B1773E51}.Debug|iPhone.ActiveCfg = Debug|iPhone
		{2745009C-0705-487F-883B-D544B1773E51}.Debug|iPhone.Build.0 = Debug|iPhone
		{2745009C-0705-487F-883B-D544B1773E51}.Debug|iPhoneSimulator.ActiveCfg = Debug|iPhoneSimulator
		{2745009C-0705-487F-883B-D544B1773E51}.Debug|iPhoneSimulator.Build.0 = Debug|iPhoneSimulator
		{2745009C-0705-487F-883B-D544B1773E51}.Debug|x64.ActiveCfg = Debug|iPhone
		{2745009C-0705-487F-883B-D544B1773E51}.Debug|x86.ActiveCfg = Debug|iPhone
		{2745009C-0705-487F-883B-D544B1773E51}.Release|Any CPU.ActiveCfg = Release|iPhone
		{2745009C-0705-487F-883B-D544B1773E51}.Release|ARM.ActiveCfg = Release|iPhone
		{2745009C-0705-487F-883B-D544B1773E51}.Release|iPhone.ActiveCfg = Release|iPhone
		{2745009C-0705-487F-883B-D544B1773E51}.Release|iPhone.Build.0 = Release|iPhone
		{2745009C-0705-487F-883B-D544B1773E51}.Release|iPhoneSimulator.ActiveCfg = Release|iPhoneSimulator
		{2745009C-0705-487F-883B-D544B1773E51}.Release|iPhoneSimulator.Build.0 = Release|iPhoneSimulator
		{2745009C-0705-487F-883B-D544B1773E51}.Release|x64.ActiveCfg = Release|iPhone
		{2745009C-0705-487F-883B-D544B1773E51}.Release|x86.ActiveCfg = Release|iPhone
	EndGlobalSection
	GlobalSection(SolutionProperties) = preSolution
		HideSolutionNode = FALSE
	EndGlobalSection
	GlobalSection(ExtensibilityGlobals) = postSolution
		SolutionGuid = {F6D05029-56B8-4E45-AF2D-0E76295DDBA2}
	EndGlobalSection
EndGlobal
